{
  "name": "mall",
  "version": "1.0.0",
  "lockfileVersion": 1,
  "requires": true,
  "dependencies": {
    "@vant/weapp": {
      "version": "1.6.4",
      "resolved": "https://registry.npm.taobao.org/@vant/weapp/download/@vant/weapp-1.6.4.tgz",
      "integrity": "sha1-lKobbeJjIipNQq9rAGZTE/z3aiw="
    },
    "apifm-wxapi": {
      "version": "3.22.0",
      "resolved": "https://registry.npm.taobao.org/apifm-wxapi/download/apifm-wxapi-3.22.0.tgz",
      "integrity": "sha1-OI1TSj42CciF82fhMcJSUNWv7o8="
    }
  }
}
